
Microsoft Visual Studio Solution File, Format Version 12.00
# Visual Studio Version 17
VisualStudioVersion = 17.10.35013.160
MinimumVisualStudioVersion = 10.0.40219.1
Project("{FAE04EC0-301F-11D3-BF4B-00C04F79EFBC}") = "MediaPonderada", "MediaPonderada\MediaPonderada.csproj", "{500CBF45-5E86-4BD0-8528-71444B82E8A6}"
EndProject
Global
	GlobalSection(SolutionConfigurationPlatforms) = preSolution
		Debug|Any CPU = Debug|Any CPU
		Release|Any CPU = Release|Any CPU
	EndGlobalSection
	GlobalSection(ProjectConfigurationPlatforms) = postSolution
		{500CBF45-5E86-4BD0-8528-71444B82E8A6}.Debug|Any CPU.ActiveCfg = Debug|Any CPU
		{500CBF45-5E86-4BD0-8528-71444B82E8A6}.Debug|Any CPU.Build.0 = Debug|Any CPU
		{500CBF45-5E86-4BD0-8528-71444B82E8A6}.Release|Any CPU.ActiveCfg = Release|Any CPU
		{500CBF45-5E86-4BD0-8528-71444B82E8A6}.Release|Any CPU.Build.0 = Release|Any CPU
	EndGlobalSection
	GlobalSection(SolutionProperties) = preSolution
		HideSolutionNode = FALSE
	EndGlobalSection
	GlobalSection(ExtensibilityGlobals) = postSolution
		SolutionGuid = {354058FE-FF8A-403E-A44E-4303E27265AA}
	EndGlobalSection
EndGlobal
