
Microsoft Visual Studio Solution File, Format Version 12.00
# Visual Studio Version 17
VisualStudioVersion = 17.10.35013.160
MinimumVisualStudioVersion = 10.0.40219.1
Project("{FAE04EC0-301F-11D3-BF4B-00C04F79EFBC}") = "VolumeRetangulo", "VolumeRetangulo\VolumeRetangulo.csproj", "{4679D0A4-461E-4882-8A8D-93312D54328C}"
EndProject
Global
	GlobalSection(SolutionConfigurationPlatforms) = preSolution
		Debug|Any CPU = Debug|Any CPU
		Release|Any CPU = Release|Any CPU
	EndGlobalSection
	GlobalSection(ProjectConfigurationPlatforms) = postSolution
		{4679D0A4-461E-4882-8A8D-93312D54328C}.Debug|Any CPU.ActiveCfg = Debug|Any CPU
		{4679D0A4-461E-4882-8A8D-93312D54328C}.Debug|Any CPU.Build.0 = Debug|Any CPU
		{4679D0A4-461E-4882-8A8D-93312D54328C}.Release|Any CPU.ActiveCfg = Release|Any CPU
		{4679D0A4-461E-4882-8A8D-93312D54328C}.Release|Any CPU.Build.0 = Release|Any CPU
	EndGlobalSection
	GlobalSection(SolutionProperties) = preSolution
		HideSolutionNode = FALSE
	EndGlobalSection
	GlobalSection(ExtensibilityGlobals) = postSolution
		SolutionGuid = {EF456DB8-3347-4A78-B42D-8C27DDA1A17B}
	EndGlobalSection
EndGlobal
