
Microsoft Visual Studio Solution File, Format Version 12.00
# Visual Studio Version 17
VisualStudioVersion = 17.10.35013.160
MinimumVisualStudioVersion = 10.0.40219.1
Project("{FAE04EC0-301F-11D3-BF4B-00C04F79EFBC}") = "SalarioTotal", "SalarioTotal\SalarioTotal.csproj", "{63421592-6B32-402D-B913-D397EB0ED437}"
EndProject
Global
	GlobalSection(SolutionConfigurationPlatforms) = preSolution
		Debug|Any CPU = Debug|Any CPU
		Release|Any CPU = Release|Any CPU
	EndGlobalSection
	GlobalSection(ProjectConfigurationPlatforms) = postSolution
		{63421592-6B32-402D-B913-D397EB0ED437}.Debug|Any CPU.ActiveCfg = Debug|Any CPU
		{63421592-6B32-402D-B913-D397EB0ED437}.Debug|Any CPU.Build.0 = Debug|Any CPU
		{63421592-6B32-402D-B913-D397EB0ED437}.Release|Any CPU.ActiveCfg = Release|Any CPU
		{63421592-6B32-402D-B913-D397EB0ED437}.Release|Any CPU.Build.0 = Release|Any CPU
	EndGlobalSection
	GlobalSection(SolutionProperties) = preSolution
		HideSolutionNode = FALSE
	EndGlobalSection
	GlobalSection(ExtensibilityGlobals) = postSolution
		SolutionGuid = {4A599353-0D02-4B49-8FF5-995D05D0C318}
	EndGlobalSection
EndGlobal
