
Microsoft Visual Studio Solution File, Format Version 12.00
# Visual Studio Version 17
VisualStudioVersion = 17.9.34701.34
MinimumVisualStudioVersion = 10.0.40219.1
Project("{FAE04EC0-301F-11D3-BF4B-00C04F79EFBC}") = "FirstProject", "FirstProject.csproj", "{3671CB4A-1CC6-444E-8543-89BD7B43E7BB}"
EndProject
Global
	GlobalSection(SolutionConfigurationPlatforms) = preSolution
		Debug|Any CPU = Debug|Any CPU
		Release|Any CPU = Release|Any CPU
	EndGlobalSection
	GlobalSection(ProjectConfigurationPlatforms) = postSolution
		{3671CB4A-1CC6-444E-8543-89BD7B43E7BB}.Debug|Any CPU.ActiveCfg = Debug|Any CPU
		{3671CB4A-1CC6-444E-8543-89BD7B43E7BB}.Debug|Any CPU.Build.0 = Debug|Any CPU
		{3671CB4A-1CC6-444E-8543-89BD7B43E7BB}.Release|Any CPU.ActiveCfg = Release|Any CPU
		{3671CB4A-1CC6-444E-8543-89BD7B43E7BB}.Release|Any CPU.Build.0 = Release|Any CPU
	EndGlobalSection
	GlobalSection(SolutionProperties) = preSolution
		HideSolutionNode = FALSE
	EndGlobalSection
	GlobalSection(ExtensibilityGlobals) = postSolution
		SolutionGuid = {9AB1575B-C6C8-43C3-BD08-7CAD88A2E5B5}
	EndGlobalSection
EndGlobal
