
Microsoft Visual Studio Solution File, Format Version 12.00
# Visual Studio Version 17
VisualStudioVersion = 17.10.35013.160
MinimumVisualStudioVersion = 10.0.40219.1
Project("{FAE04EC0-301F-11D3-BF4B-00C04F79EFBC}") = "OrdenacaoDecrescente", "OrdenacaoDecrescente\OrdenacaoDecrescente.csproj", "{2E63BA52-8087-4EDC-BD0B-20411508CE9A}"
EndProject
Global
	GlobalSection(SolutionConfigurationPlatforms) = preSolution
		Debug|Any CPU = Debug|Any CPU
		Release|Any CPU = Release|Any CPU
	EndGlobalSection
	GlobalSection(ProjectConfigurationPlatforms) = postSolution
		{2E63BA52-8087-4EDC-BD0B-20411508CE9A}.Debug|Any CPU.ActiveCfg = Debug|Any CPU
		{2E63BA52-8087-4EDC-BD0B-20411508CE9A}.Debug|Any CPU.Build.0 = Debug|Any CPU
		{2E63BA52-8087-4EDC-BD0B-20411508CE9A}.Release|Any CPU.ActiveCfg = Release|Any CPU
		{2E63BA52-8087-4EDC-BD0B-20411508CE9A}.Release|Any CPU.Build.0 = Release|Any CPU
	EndGlobalSection
	GlobalSection(SolutionProperties) = preSolution
		HideSolutionNode = FALSE
	EndGlobalSection
	GlobalSection(ExtensibilityGlobals) = postSolution
		SolutionGuid = {A67AAA16-DDBC-4337-9BCD-BFE9F54ABA98}
	EndGlobalSection
EndGlobal
