
Microsoft Visual Studio Solution File, Format Version 12.00
# Visual Studio Version 17
VisualStudioVersion = 17.10.35013.160
MinimumVisualStudioVersion = 10.0.40219.1
Project("{FAE04EC0-301F-11D3-BF4B-00C04F79EFBC}") = "SomaNumeros", "SomaNumeros\SomaNumeros.csproj", "{96738FDB-99DA-4943-86FC-68842093DADE}"
EndProject
Global
	GlobalSection(SolutionConfigurationPlatforms) = preSolution
		Debug|Any CPU = Debug|Any CPU
		Release|Any CPU = Release|Any CPU
	EndGlobalSection
	GlobalSection(ProjectConfigurationPlatforms) = postSolution
		{96738FDB-99DA-4943-86FC-68842093DADE}.Debug|Any CPU.ActiveCfg = Debug|Any CPU
		{96738FDB-99DA-4943-86FC-68842093DADE}.Debug|Any CPU.Build.0 = Debug|Any CPU
		{96738FDB-99DA-4943-86FC-68842093DADE}.Release|Any CPU.ActiveCfg = Release|Any CPU
		{96738FDB-99DA-4943-86FC-68842093DADE}.Release|Any CPU.Build.0 = Release|Any CPU
	EndGlobalSection
	GlobalSection(SolutionProperties) = preSolution
		HideSolutionNode = FALSE
	EndGlobalSection
	GlobalSection(ExtensibilityGlobals) = postSolution
		SolutionGuid = {42F42BA2-F3F4-47D8-A930-5CA71C5027D1}
	EndGlobalSection
EndGlobal
